
Microsoft Visual Studio Solution File, Format Version 12.00
# Visual Studio Version 16
VisualStudioVersion = 16.0.29215.179
MinimumVisualStudioVersion = 10.0.40219.1
Project("{FAE04EC0-301F-11D3-BF4B-00C04F79EFBC}") = "Figures", "Figures.csproj", "{E63032D4-29C3-4DDA-A55F-C49414B5D76C}"
EndProject
Project("{FAE04EC0-301F-11D3-BF4B-00C04F79EFBC}") = "FigureApp", "..\FigureApp\FigureApp.csproj", "{74206B83-6F67-4F0C-BA31-366ABD26C3D2}"
EndProject
Global
	GlobalSection(SolutionConfigurationPlatforms) = preSolution
		Debug|Any CPU = Debug|Any CPU
		Release|Any CPU = Release|Any CPU
	EndGlobalSection
	GlobalSection(ProjectConfigurationPlatforms) = postSolution
		{E63032D4-29C3-4DDA-A55F-C49414B5D76C}.Debug|Any CPU.ActiveCfg = Debug|Any CPU
		{E63032D4-29C3-4DDA-A55F-C49414B5D76C}.Debug|Any CPU.Build.0 = Debug|Any CPU
		{E63032D4-29C3-4DDA-A55F-C49414B5D76C}.Release|Any CPU.ActiveCfg = Release|Any CPU
		{E63032D4-29C3-4DDA-A55F-C49414B5D76C}.Release|Any CPU.Build.0 = Release|Any CPU
		{74206B83-6F67-4F0C-BA31-366ABD26C3D2}.Debug|Any CPU.ActiveCfg = Debug|Any CPU
		{74206B83-6F67-4F0C-BA31-366ABD26C3D2}.Debug|Any CPU.Build.0 = Debug|Any CPU
		{74206B83-6F67-4F0C-BA31-366ABD26C3D2}.Release|Any CPU.ActiveCfg = Release|Any CPU
		{74206B83-6F67-4F0C-BA31-366ABD26C3D2}.Release|Any CPU.Build.0 = Release|Any CPU
	EndGlobalSection
	GlobalSection(SolutionProperties) = preSolution
		HideSolutionNode = FALSE
	EndGlobalSection
	GlobalSection(ExtensibilityGlobals) = postSolution
		SolutionGuid = {9F014772-1375-4C31-863D-1DD31E6EEEDD}
	EndGlobalSection
EndGlobal
